// !$*UTF8*$!
{
	archiveVersion = 1;
	classes = {
	};
	objectVersion = 46;
	objects = {

/* Begin PBXBuildFile section */
		08B99E2D50CAED39F88BF8FB /* Pods_Flickr_Search_TestTests.framework in Frameworks */ = {isa = PBXBuildFile; fileRef = 59E5AAEEF2A42AF0096E93CB /* Pods_Flickr_Search_TestTests.framework */; };
		5DC8CA76E19815486E709A81 /* Pods_Flickr_Search_TestUITests.framework in Frameworks */ = {isa = PBXBuildFile; fileRef = 1EB5025AAE41B52570837DB0 /* Pods_Flickr_Search_TestUITests.framework */; };
		CF5EFD470BBD2ACF6C49A57A /* Pods_Flickr_Search_Test.framework in Frameworks */ = {isa = PBXBuildFile; fileRef = B95F16272286A61870280E45 /* Pods_Flickr_Search_Test.framework */; };
		E5B725051DB37B2A003A16D2 /* AppDelegate.swift in Sources */ = {isa = PBXBuildFile; fileRef = E5B725041DB37B2A003A16D2 /* AppDelegate.swift */; };
		E5B725071DB37B2A003A16D2 /* ViewController.swift in Sources */ = {isa = PBXBuildFile; fileRef = E5B725061DB37B2A003A16D2 /* ViewController.swift */; };
		E5B7250A1DB37B2A003A16D2 /* Main.storyboard in Resources */ = {isa = PBXBuildFile; fileRef = E5B725081DB37B2A003A16D2 /* Main.storyboard */; };
		E5B7250D1DB37B2A003A16D2 /* Flickr_Search_Test.xcdatamodeld in Sources */ = {isa = PBXBuildFile; fileRef = E5B7250B1DB37B2A003A16D2 /* Flickr_Search_Test.xcdatamodeld */; };
		E5B7250F1DB37B2A003A16D2 /* Assets.xcassets in Resources */ = {isa = PBXBuildFile; fileRef = E5B7250E1DB37B2A003A16D2 /* Assets.xcassets */; };
		E5B725121DB37B2A003A16D2 /* LaunchScreen.storyboard in Resources */ = {isa = PBXBuildFile; fileRef = E5B725101DB37B2A003A16D2 /* LaunchScreen.storyboard */; };
		E5B7251D1DB37B2A003A16D2 /* Flickr_Search_TestTests.swift in Sources */ = {isa = PBXBuildFile; fileRef = E5B7251C1DB37B2A003A16D2 /* Flickr_Search_TestTests.swift */; };
		E5B725281DB37B2A003A16D2 /* Flickr_Search_TestUITests.swift in Sources */ = {isa = PBXBuildFile; fileRef = E5B725271DB37B2A003A16D2 /* Flickr_Search_TestUITests.swift */; };
		E5B725381DB3AEC5003A16D2 /* FlickrDataModel.swift in Sources */ = {isa = PBXBuildFile; fileRef = E5B725371DB3AEC5003A16D2 /* FlickrDataModel.swift */; };
		E5B7253A1DB3B10A003A16D2 /* ImageCollectionViewCell.swift in Sources */ = {isa = PBXBuildFile; fileRef = E5B725391DB3B10A003A16D2 /* ImageCollectionViewCell.swift */; };
/* End PBXBuildFile section */

/* Begin PBXContainerItemProxy section */
		E5B725191DB37B2A003A16D2 /* PBXContainerItemProxy */ = {
			isa = PBXContainerItemProxy;
			containerPortal = E5B724F91DB37B2A003A16D2 /* Project object */;
			proxyType = 1;
			remoteGlobalIDString = E5B725001DB37B2A003A16D2;
			remoteInfo = "Flickr Search Test";
		};
		E5B725241DB37B2A003A16D2 /* PBXContainerItemProxy */ = {
			isa = PBXContainerItemProxy;
			containerPortal = E5B724F91DB37B2A003A16D2 /* Project object */;
			proxyType = 1;
			remoteGlobalIDString = E5B725001DB37B2A003A16D2;
			remoteInfo = "Flickr Search Test";
		};
/* End PBXContainerItemProxy section */

/* Begin PBXFileReference section */
		075BD4C1B75289BEF5DB1F52 /* Pods-Flickr Search TestTests.debug.xcconfig */ = {isa = PBXFileReference; includeInIndex = 1; lastKnownFileType = text.xcconfig; name = "Pods-Flickr Search TestTests.debug.xcconfig"; path = "Pods/Target Support Files/Pods-Flickr Search TestTests/Pods-Flickr Search TestTests.debug.xcconfig"; sourceTree = "<group>"; };
		1C7D78541353544F502646CB /* Pods-Flickr Search TestUITests.release.xcconfig */ = {isa = PBXFileReference; includeInIndex = 1; lastKnownFileType = text.xcconfig; name = "Pods-Flickr Search TestUITests.release.xcconfig"; path = "Pods/Target Support Files/Pods-Flickr Search TestUITests/Pods-Flickr Search TestUITests.release.xcconfig"; sourceTree = "<group>"; };
		1EB5025AAE41B52570837DB0 /* Pods_Flickr_Search_TestUITests.framework */ = {isa = PBXFileReference; explicitFileType = wrapper.framework; includeInIndex = 0; path = Pods_Flickr_Search_TestUITests.framework; sourceTree = BUILT_PRODUCTS_DIR; };
		457307EB968DADA63C243393 /* Pods-Flickr Search TestUITests.debug.xcconfig */ = {isa = PBXFileReference; includeInIndex = 1; lastKnownFileType = text.xcconfig; name = "Pods-Flickr Search TestUITests.debug.xcconfig"; path = "Pods/Target Support Files/Pods-Flickr Search TestUITests/Pods-Flickr Search TestUITests.debug.xcconfig"; sourceTree = "<group>"; };
		59E5AAEEF2A42AF0096E93CB /* Pods_Flickr_Search_TestTests.framework */ = {isa = PBXFileReference; explicitFileType = wrapper.framework; includeInIndex = 0; path = Pods_Flickr_Search_TestTests.framework; sourceTree = BUILT_PRODUCTS_DIR; };
		890DDB464F0DDE6BAB08EE3A /* Pods-Flickr Search TestTests.release.xcconfig */ = {isa = PBXFileReference; includeInIndex = 1; lastKnownFileType = text.xcconfig; name = "Pods-Flickr Search TestTests.release.xcconfig"; path = "Pods/Target Support Files/Pods-Flickr Search TestTests/Pods-Flickr Search TestTests.release.xcconfig"; sourceTree = "<group>"; };
		9D8B487964C68918DC465EAB /* Pods-Flickr Search Test.release.xcconfig */ = {isa = PBXFileReference; includeInIndex = 1; lastKnownFileType = text.xcconfig; name = "Pods-Flickr Search Test.release.xcconfig"; path = "Pods/Target Support Files/Pods-Flickr Search Test/Pods-Flickr Search Test.release.xcconfig"; sourceTree = "<group>"; };
		B95F16272286A61870280E45 /* Pods_Flickr_Search_Test.framework */ = {isa = PBXFileReference; explicitFileType = wrapper.framework; includeInIndex = 0; path = Pods_Flickr_Search_Test.framework; sourceTree = BUILT_PRODUCTS_DIR; };
		E5B725011DB37B2A003A16D2 /* Flickr Search Test.app */ = {isa = PBXFileReference; explicitFileType = wrapper.application; includeInIndex = 0; path = "Flickr Search Test.app"; sourceTree = BUILT_PRODUCTS_DIR; };
		E5B725041DB37B2A003A16D2 /* AppDelegate.swift */ = {isa = PBXFileReference; lastKnownFileType = sourcecode.swift; path = AppDelegate.swift; sourceTree = "<group>"; };
		E5B725061DB37B2A003A16D2 /* ViewController.swift */ = {isa = PBXFileReference; lastKnownFileType = sourcecode.swift; path = ViewController.swift; sourceTree = "<group>"; };
		E5B725091DB37B2A003A16D2 /* Base */ = {isa = PBXFileReference; lastKnownFileType = file.storyboard; name = Base; path = Base.lproj/Main.storyboard; sourceTree = "<group>"; };
		E5B7250C1DB37B2A003A16D2 /* Flickr_Search_Test.xcdatamodel */ = {isa = PBXFileReference; lastKnownFileType = wrapper.xcdatamodel; path = Flickr_Search_Test.xcdatamodel; sourceTree = "<group>"; };
		E5B7250E1DB37B2A003A16D2 /* Assets.xcassets */ = {isa = PBXFileReference; lastKnownFileType = folder.assetcatalog; path = Assets.xcassets; sourceTree = "<group>"; };
		E5B725111DB37B2A003A16D2 /* Base */ = {isa = PBXFileReference; lastKnownFileType = file.storyboard; name = Base; path = Base.lproj/LaunchScreen.storyboard; sourceTree = "<group>"; };
		E5B725131DB37B2A003A16D2 /* Info.plist */ = {isa = PBXFileReference; lastKnownFileType = text.plist.xml; path = Info.plist; sourceTree = "<group>"; };
		E5B725181DB37B2A003A16D2 /* Flickr Search TestTests.xctest */ = {isa = PBXFileReference; explicitFileType = wrapper.cfbundle; includeInIndex = 0; path = "Flickr Search TestTests.xctest"; sourceTree = BUILT_PRODUCTS_DIR; };
		E5B7251C1DB37B2A003A16D2 /* Flickr_Search_TestTests.swift */ = {isa = PBXFileReference; lastKnownFileType = sourcecode.swift; path = Flickr_Search_TestTests.swift; sourceTree = "<group>"; };
		E5B7251E1DB37B2A003A16D2 /* Info.plist */ = {isa = PBXFileReference; lastKnownFileType = text.plist.xml; path = Info.plist; sourceTree = "<group>"; };
		E5B725231DB37B2A003A16D2 /* Flickr Search TestUITests.xctest */ = {isa = PBXFileReference; explicitFileType = wrapper.cfbundle; includeInIndex = 0; path = "Flickr Search TestUITests.xctest"; sourceTree = BUILT_PRODUCTS_DIR; };
		E5B725271DB37B2A003A16D2 /* Flickr_Search_TestUITests.swift */ = {isa = PBXFileReference; lastKnownFileType = sourcecode.swift; path = Flickr_Search_TestUITests.swift; sourceTree = "<group>"; };
		E5B725291DB37B2A003A16D2 /* Info.plist */ = {isa = PBXFileReference; lastKnownFileType = text.plist.xml; path = Info.plist; sourceTree = "<group>"; };
		E5B725371DB3AEC5003A16D2 /* FlickrDataModel.swift */ = {isa = PBXFileReference; fileEncoding = 4; lastKnownFileType = sourcecode.swift; path = FlickrDataModel.swift; sourceTree = "<group>"; };
		E5B725391DB3B10A003A16D2 /* ImageCollectionViewCell.swift */ = {isa = PBXFileReference; fileEncoding = 4; lastKnownFileType = sourcecode.swift; path = ImageCollectionViewCell.swift; sourceTree = "<group>"; };
		FAB7A43D2D366BF9CED6DAB9 /* Pods-Flickr Search Test.debug.xcconfig */ = {isa = PBXFileReference; includeInIndex = 1; lastKnownFileType = text.xcconfig; name = "Pods-Flickr Search Test.debug.xcconfig"; path = "Pods/Target Support Files/Pods-Flickr Search Test/Pods-Flickr Search Test.debug.xcconfig"; sourceTree = "<group>"; };
/* End PBXFileReference section */

/* Begin PBXFrameworksBuildPhase section */
		E5B724FE1DB37B2A003A16D2 /* Frameworks */ = {
			isa = PBXFrameworksBuildPhase;
			buildActionMask = 2147483647;
			files = (
				CF5EFD470BBD2ACF6C49A57A /* Pods_Flickr_Search_Test.framework in Frameworks */,
			);
			runOnlyForDeploymentPostprocessing = 0;
		};
		E5B725151DB37B2A003A16D2 /* Frameworks */ = {
			isa = PBXFrameworksBuildPhase;
			buildActionMask = 2147483647;
			files = (
				08B99E2D50CAED39F88BF8FB /* Pods_Flickr_Search_TestTests.framework in Frameworks */,
			);
			runOnlyForDeploymentPostprocessing = 0;
		};
		E5B725201DB37B2A003A16D2 /* Frameworks */ = {
			isa = PBXFrameworksBuildPhase;
			buildActionMask = 2147483647;
			files = (
				5DC8CA76E19815486E709A81 /* Pods_Flickr_Search_TestUITests.framework in Frameworks */,
			);
			runOnlyForDeploymentPostprocessing = 0;
		};
/* End PBXFrameworksBuildPhase section */

/* Begin PBXGroup section */
		52706CF668F327E9542C8C12 /* Pods */ = {
			isa = PBXGroup;
			children = (
				FAB7A43D2D366BF9CED6DAB9 /* Pods-Flickr Search Test.debug.xcconfig */,
				9D8B487964C68918DC465EAB /* Pods-Flickr Search Test.release.xcconfig */,
				075BD4C1B75289BEF5DB1F52 /* Pods-Flickr Search TestTests.debug.xcconfig */,
				890DDB464F0DDE6BAB08EE3A /* Pods-Flickr Search TestTests.release.xcconfig */,
				457307EB968DADA63C243393 /* Pods-Flickr Search TestUITests.debug.xcconfig */,
				1C7D78541353544F502646CB /* Pods-Flickr Search TestUITests.release.xcconfig */,
			);
			name = Pods;
			sourceTree = "<group>";
		};
		D27D7367386073B1D1E6368A /* Frameworks */ = {
			isa = PBXGroup;
			children = (
				B95F16272286A61870280E45 /* Pods_Flickr_Search_Test.framework */,
				59E5AAEEF2A42AF0096E93CB /* Pods_Flickr_Search_TestTests.framework */,
				1EB5025AAE41B52570837DB0 /* Pods_Flickr_Search_TestUITests.framework */,
			);
			name = Frameworks;
			sourceTree = "<group>";
		};
		E5B724F81DB37B2A003A16D2 = {
			isa = PBXGroup;
			children = (
				E5B725031DB37B2A003A16D2 /* Flickr Search Test */,
				E5B7251B1DB37B2A003A16D2 /* Flickr Search TestTests */,
				E5B725261DB37B2A003A16D2 /* Flickr Search TestUITests */,
				E5B725021DB37B2A003A16D2 /* Products */,
				52706CF668F327E9542C8C12 /* Pods */,
				D27D7367386073B1D1E6368A /* Frameworks */,
			);
			sourceTree = "<group>";
		};
		E5B725021DB37B2A003A16D2 /* Products */ = {
			isa = PBXGroup;
			children = (
				E5B725011DB37B2A003A16D2 /* Flickr Search Test.app */,
				E5B725181DB37B2A003A16D2 /* Flickr Search TestTests.xctest */,
				E5B725231DB37B2A003A16D2 /* Flickr Search TestUITests.xctest */,
			);
			name = Products;
			sourceTree = "<group>";
		};
		E5B725031DB37B2A003A16D2 /* Flickr Search Test */ = {
			isa = PBXGroup;
			children = (
				E5B725041DB37B2A003A16D2 /* AppDelegate.swift */,
				E5B725371DB3AEC5003A16D2 /* FlickrDataModel.swift */,
				E5B725391DB3B10A003A16D2 /* ImageCollectionViewCell.swift */,
				E5B725061DB37B2A003A16D2 /* ViewController.swift */,
				E5B725081DB37B2A003A16D2 /* Main.storyboard */,
				E5B7250E1DB37B2A003A16D2 /* Assets.xcassets */,
				E5B725101DB37B2A003A16D2 /* LaunchScreen.storyboard */,
				E5B725131DB37B2A003A16D2 /* Info.plist */,
				E5B7250B1DB37B2A003A16D2 /* Flickr_Search_Test.xcdatamodeld */,
			);
			path = "Flickr Search Test";
			sourceTree = "<group>";
		};
		E5B7251B1DB37B2A003A16D2 /* Flickr Search TestTests */ = {
			isa = PBXGroup;
			children = (
				E5B7251C1DB37B2A003A16D2 /* Flickr_Search_TestTests.swift */,
				E5B7251E1DB37B2A003A16D2 /* Info.plist */,
			);
			path = "Flickr Search TestTests";
			sourceTree = "<group>";
		};
		E5B725261DB37B2A003A16D2 /* Flickr Search TestUITests */ = {
			isa = PBXGroup;
			children = (
				E5B725271DB37B2A003A16D2 /* Flickr_Search_TestUITests.swift */,
				E5B725291DB37B2A003A16D2 /* Info.plist */,
			);
			path = "Flickr Search TestUITests";
			sourceTree = "<group>";
		};
/* End PBXGroup section */

/* Begin PBXNativeTarget section */
		E5B725001DB37B2A003A16D2 /* Flickr Search Test */ = {
			isa = PBXNativeTarget;
			buildConfigurationList = E5B7252C1DB37B2A003A16D2 /* Build configuration list for PBXNativeTarget "Flickr Search Test" */;
			buildPhases = (
				959230846B17BDC3E6FDD3BD /* [CP] Check Pods Manifest.lock */,
				E5B724FD1DB37B2A003A16D2 /* Sources */,
				E5B724FE1DB37B2A003A16D2 /* Frameworks */,
				E5B724FF1DB37B2A003A16D2 /* Resources */,
				2DF0A9EC75A58548426F0159 /* [CP] Embed Pods Frameworks */,
				78ED259FC02098877A0F8B7C /* [CP] Copy Pods Resources */,
			);
			buildRules = (
			);
			dependencies = (
			);
			name = "Flickr Search Test";
			productName = "Flickr Search Test";
			productReference = E5B725011DB37B2A003A16D2 /* Flickr Search Test.app */;
			productType = "com.apple.product-type.application";
		};
		E5B725171DB37B2A003A16D2 /* Flickr Search TestTests */ = {
			isa = PBXNativeTarget;
			buildConfigurationList = E5B7252F1DB37B2A003A16D2 /* Build configuration list for PBXNativeTarget "Flickr Search TestTests" */;
			buildPhases = (
				1BC50BDD79A4F72994F1AB0D /* [CP] Check Pods Manifest.lock */,
				E5B725141DB37B2A003A16D2 /* Sources */,
				E5B725151DB37B2A003A16D2 /* Frameworks */,
				E5B725161DB37B2A003A16D2 /* Resources */,
				CDE625DF777F19BD40BC2610 /* [CP] Embed Pods Frameworks */,
				CF58C13525114AF0FCD7B547 /* [CP] Copy Pods Resources */,
			);
			buildRules = (
			);
			dependencies = (
				E5B7251A1DB37B2A003A16D2 /* PBXTargetDependency */,
			);
			name = "Flickr Search TestTests";
			productName = "Flickr Search TestTests";
			productReference = E5B725181DB37B2A003A16D2 /* Flickr Search TestTests.xctest */;
			productType = "com.apple.product-type.bundle.unit-test";
		};
		E5B725221DB37B2A003A16D2 /* Flickr Search TestUITests */ = {
			isa = PBXNativeTarget;
			buildConfigurationList = E5B725321DB37B2A003A16D2 /* Build configuration list for PBXNativeTarget "Flickr Search TestUITests" */;
			buildPhases = (
				AF6CDF7DA4C375F5A8AB9C59 /* [CP] Check Pods Manifest.lock */,
				E5B7251F1DB37B2A003A16D2 /* Sources */,
				E5B725201DB37B2A003A16D2 /* Frameworks */,
				E5B725211DB37B2A003A16D2 /* Resources */,
				28A0AB11D6AB3DC6256780B3 /* [CP] Copy Pods Resources */,
			);
			buildRules = (
			);
			dependencies = (
				E5B725251DB37B2A003A16D2 /* PBXTargetDependency */,
			);
			name = "Flickr Search TestUITests";
			productName = "Flickr Search TestUITests";
			productReference = E5B725231DB37B2A003A16D2 /* Flickr Search TestUITests.xctest */;
			productType = "com.apple.product-type.bundle.ui-testing";
		};
/* End PBXNativeTarget section */

/* Begin PBXProject section */
		E5B724F91DB37B2A003A16D2 /* Project object */ = {
			isa = PBXProject;
			attributes = {
				LastSwiftUpdateCheck = 0800;
				LastUpgradeCheck = 0800;
				ORGANIZATIONNAME = "Alex Golub";
				TargetAttributes = {
					E5B725001DB37B2A003A16D2 = {
						CreatedOnToolsVersion = 8.0;
						DevelopmentTeam = 96837XF4KD;
						ProvisioningStyle = Automatic;
					};
					E5B725171DB37B2A003A16D2 = {
						CreatedOnToolsVersion = 8.0;
						DevelopmentTeam = 96837XF4KD;
						ProvisioningStyle = Automatic;
						TestTargetID = E5B725001DB37B2A003A16D2;
					};
					E5B725221DB37B2A003A16D2 = {
						CreatedOnToolsVersion = 8.0;
						DevelopmentTeam = 96837XF4KD;
						ProvisioningStyle = Automatic;
						TestTargetID = E5B725001DB37B2A003A16D2;
					};
				};
			};
			buildConfigurationList = E5B724FC1DB37B2A003A16D2 /* Build configuration list for PBXProject "Flickr Search Test" */;
			compatibilityVersion = "Xcode 3.2";
			developmentRegion = English;
			hasScannedForEncodings = 0;
			knownRegions = (
				en,
				Base,
			);
			mainGroup = E5B724F81DB37B2A003A16D2;
			productRefGroup = E5B725021DB37B2A003A16D2 /* Products */;
			projectDirPath = "";
			projectRoot = "";
			targets = (
				E5B725001DB37B2A003A16D2 /* Flickr Search Test */,
				E5B725171DB37B2A003A16D2 /* Flickr Search TestTests */,
				E5B725221DB37B2A003A16D2 /* Flickr Search TestUITests */,
			);
		};
/* End PBXProject section */

/* Begin PBXResourcesBuildPhase section */
		E5B724FF1DB37B2A003A16D2 /* Resources */ = {
			isa = PBXResourcesBuildPhase;
			buildActionMask = 2147483647;
			files = (
				E5B725121DB37B2A003A16D2 /* LaunchScreen.storyboard in Resources */,
				E5B7250F1DB37B2A003A16D2 /* Assets.xcassets in Resources */,
				E5B7250A1DB37B2A003A16D2 /* Main.storyboard in Resources */,
			);
			runOnlyForDeploymentPostprocessing = 0;
		};
		E5B725161DB37B2A003A16D2 /* Resources */ = {
			isa = PBXResourcesBuildPhase;
			buildActionMask = 2147483647;
			files = (
			);
			runOnlyForDeploymentPostprocessing = 0;
		};
		E5B725211DB37B2A003A16D2 /* Resources */ = {
			isa = PBXResourcesBuildPhase;
			buildActionMask = 2147483647;
			files = (
			);
			runOnlyForDeploymentPostprocessing = 0;
		};
/* End PBXResourcesBuildPhase section */

/* Begin PBXShellScriptBuildPhase section */
		1BC50BDD79A4F72994F1AB0D /* [CP] Check Pods Manifest.lock */ = {
			isa = PBXShellScriptBuildPhase;
			buildActionMask = 2147483647;
			files = (
			);
			inputPaths = (
			);
			name = "[CP] Check Pods Manifest.lock";
			outputPaths = (
			);
			runOnlyForDeploymentPostprocessing = 0;
			shellPath = /bin/sh;
			shellScript = "diff \"${PODS_ROOT}/../Podfile.lock\" \"${PODS_ROOT}/Manifest.lock\" > /dev/null\nif [[ $? != 0 ]] ; then\n    cat << EOM\nerror: The sandbox is not in sync with the Podfile.lock. Run 'pod install' or update your CocoaPods installation.\nEOM\n    exit 1\nfi\n";
			showEnvVarsInLog = 0;
		};
		28A0AB11D6AB3DC6256780B3 /* [CP] Copy Pods Resources */ = {
			isa = PBXShellScriptBuildPhase;
			buildActionMask = 2147483647;
			files = (
			);
			inputPaths = (
			);
			name = "[CP] Copy Pods Resources";
			outputPaths = (
			);
			runOnlyForDeploymentPostprocessing = 0;
			shellPath = /bin/sh;
			shellScript = "\"${SRCROOT}/Pods/Target Support Files/Pods-Flickr Search TestUITests/Pods-Flickr Search TestUITests-resources.sh\"\n";
			showEnvVarsInLog = 0;
		};
		2DF0A9EC75A58548426F0159 /* [CP] Embed Pods Frameworks */ = {
			isa = PBXShellScriptBuildPhase;
			buildActionMask = 2147483647;
			files = (
			);
			inputPaths = (
			);
			name = "[CP] Embed Pods Frameworks";
			outputPaths = (
			);
			runOnlyForDeploymentPostprocessing = 0;
			shellPath = /bin/sh;
			shellScript = "\"${SRCROOT}/Pods/Target Support Files/Pods-Flickr Search Test/Pods-Flickr Search Test-frameworks.sh\"\n";
			showEnvVarsInLog = 0;
		};
		78ED259FC02098877A0F8B7C /* [CP] Copy Pods Resources */ = {
			isa = PBXShellScriptBuildPhase;
			buildActionMask = 2147483647;
			files = (
			);
			inputPaths = (
			);
			name = "[CP] Copy Pods Resources";
			outputPaths = (
			);
			runOnlyForDeploymentPostprocessing = 0;
			shellPath = /bin/sh;
			shellScript = "\"${SRCROOT}/Pods/Target Support Files/Pods-Flickr Search Test/Pods-Flickr Search Test-resources.sh\"\n";
			showEnvVarsInLog = 0;
		};
		959230846B17BDC3E6FDD3BD /* [CP] Check Pods Manifest.lock */ = {
			isa = PBXShellScriptBuildPhase;
			buildActionMask = 2147483647;
			files = (
			);
			inputPaths = (
			);
			name = "[CP] Check Pods Manifest.lock";
			outputPaths = (
			);
			runOnlyForDeploymentPostprocessing = 0;
			shellPath = /bin/sh;
			shellScript = "diff \"${PODS_ROOT}/../Podfile.lock\" \"${PODS_ROOT}/Manifest.lock\" > /dev/null\nif [[ $? != 0 ]] ; then\n    cat << EOM\nerror: The sandbox is not in sync with the Podfile.lock. Run 'pod install' or update your CocoaPods installation.\nEOM\n    exit 1\nfi\n";
			showEnvVarsInLog = 0;
		};
		AF6CDF7DA4C375F5A8AB9C59 /* [CP] Check Pods Manifest.lock */ = {
			isa = PBXShellScriptBuildPhase;
			buildActionMask = 2147483647;
			files = (
			);
			inputPaths = (
			);
			name = "[CP] Check Pods Manifest.lock";
			outputPaths = (
			);
			runOnlyForDeploymentPostprocessing = 0;
			shellPath = /bin/sh;
			shellScript = "diff \"${PODS_ROOT}/../Podfile.lock\" \"${PODS_ROOT}/Manifest.lock\" > /dev/null\nif [[ $? != 0 ]] ; then\n    cat << EOM\nerror: The sandbox is not in sync with the Podfile.lock. Run 'pod install' or update your CocoaPods installation.\nEOM\n    exit 1\nfi\n";
			showEnvVarsInLog = 0;
		};
		CDE625DF777F19BD40BC2610 /* [CP] Embed Pods Frameworks */ = {
			isa = PBXShellScriptBuildPhase;
			buildActionMask = 2147483647;
			files = (
			);
			inputPaths = (
			);
			name = "[CP] Embed Pods Frameworks";
			outputPaths = (
			);
			runOnlyForDeploymentPostprocessing = 0;
			shellPath = /bin/sh;
			shellScript = "\"${SRCROOT}/Pods/Target Support Files/Pods-Flickr Search TestTests/Pods-Flickr Search TestTests-frameworks.sh\"\n";
			showEnvVarsInLog = 0;
		};
		CF58C13525114AF0FCD7B547 /* [CP] Copy Pods Resources */ = {
			isa = PBXShellScriptBuildPhase;
			buildActionMask = 2147483647;
			files = (
			);
			inputPaths = (
			);
			name = "[CP] Copy Pods Resources";
			outputPaths = (
			);
			runOnlyForDeploymentPostprocessing = 0;
			shellPath = /bin/sh;
			shellScript = "\"${SRCROOT}/Pods/Target Support Files/Pods-Flickr Search TestTests/Pods-Flickr Search TestTests-resources.sh\"\n";
			showEnvVarsInLog = 0;
		};
/* End PBXShellScriptBuildPhase section */

/* Begin PBXSourcesBuildPhase section */
		E5B724FD1DB37B2A003A16D2 /* Sources */ = {
			isa = PBXSourcesBuildPhase;
			buildActionMask = 2147483647;
			files = (
				E5B725071DB37B2A003A16D2 /* ViewController.swift in Sources */,
				E5B7253A1DB3B10A003A16D2 /* ImageCollectionViewCell.swift in Sources */,
				E5B725051DB37B2A003A16D2 /* AppDelegate.swift in Sources */,
				E5B725381DB3AEC5003A16D2 /* FlickrDataModel.swift in Sources */,
				E5B7250D1DB37B2A003A16D2 /* Flickr_Search_Test.xcdatamodeld in Sources */,
			);
			runOnlyForDeploymentPostprocessing = 0;
		};
		E5B725141DB37B2A003A16D2 /* Sources */ = {
			isa = PBXSourcesBuildPhase;
			buildActionMask = 2147483647;
			files = (
				E5B7251D1DB37B2A003A16D2 /* Flickr_Search_TestTests.swift in Sources */,
			);
			runOnlyForDeploymentPostprocessing = 0;
		};
		E5B7251F1DB37B2A003A16D2 /* Sources */ = {
			isa = PBXSourcesBuildPhase;
			buildActionMask = 2147483647;
			files = (
				E5B725281DB37B2A003A16D2 /* Flickr_Search_TestUITests.swift in Sources */,
			);
			runOnlyForDeploymentPostprocessing = 0;
		};
/* End PBXSourcesBuildPhase section */

/* Begin PBXTargetDependency section */
		E5B7251A1DB37B2A003A16D2 /* PBXTargetDependency */ = {
			isa = PBXTargetDependency;
			target = E5B725001DB37B2A003A16D2 /* Flickr Search Test */;
			targetProxy = E5B725191DB37B2A003A16D2 /* PBXContainerItemProxy */;
		};
		E5B725251DB37B2A003A16D2 /* PBXTargetDependency */ = {
			isa = PBXTargetDependency;
			target = E5B725001DB37B2A003A16D2 /* Flickr Search Test */;
			targetProxy = E5B725241DB37B2A003A16D2 /* PBXContainerItemProxy */;
		};
/* End PBXTargetDependency section */

/* Begin PBXVariantGroup section */
		E5B725081DB37B2A003A16D2 /* Main.storyboard */ = {
			isa = PBXVariantGroup;
			children = (
				E5B725091DB37B2A003A16D2 /* Base */,
			);
			name = Main.storyboard;
			sourceTree = "<group>";
		};
		E5B725101DB37B2A003A16D2 /* LaunchScreen.storyboard */ = {
			isa = PBXVariantGroup;
			children = (
				E5B725111DB37B2A003A16D2 /* Base */,
			);
			name = LaunchScreen.storyboard;
			sourceTree = "<group>";
		};
/* End PBXVariantGroup section */

/* Begin XCBuildConfiguration section */
		E5B7252A1DB37B2A003A16D2 /* Debug */ = {
			isa = XCBuildConfiguration;
			buildSettings = {
				ALWAYS_SEARCH_USER_PATHS = NO;
				CLANG_ANALYZER_NONNULL = YES;
				CLANG_CXX_LANGUAGE_STANDARD = "gnu++0x";
				CLANG_CXX_LIBRARY = "libc++";
				CLANG_ENABLE_MODULES = YES;
				CLANG_ENABLE_OBJC_ARC = YES;
				CLANG_WARN_BOOL_CONVERSION = YES;
				CLANG_WARN_CONSTANT_CONVERSION = YES;
				CLANG_WARN_DIRECT_OBJC_ISA_USAGE = YES_ERROR;
				CLANG_WARN_DOCUMENTATION_COMMENTS = YES;
				CLANG_WARN_EMPTY_BODY = YES;
				CLANG_WARN_ENUM_CONVERSION = YES;
				CLANG_WARN_INFINITE_RECURSION = YES;
				CLANG_WARN_INT_CONVERSION = YES;
				CLANG_WARN_OBJC_ROOT_CLASS = YES_ERROR;
				CLANG_WARN_SUSPICIOUS_MOVE = YES;
				CLANG_WARN_SUSPICIOUS_MOVES = YES;
				CLANG_WARN_UNREACHABLE_CODE = YES;
				CLANG_WARN__DUPLICATE_METHOD_MATCH = YES;
				"CODE_SIGN_IDENTITY[sdk=iphoneos*]" = "iPhone Developer";
				COPY_PHASE_STRIP = NO;
				DEBUG_INFORMATION_FORMAT = dwarf;
				ENABLE_STRICT_OBJC_MSGSEND = YES;
				ENABLE_TESTABILITY = YES;
				GCC_C_LANGUAGE_STANDARD = gnu99;
				GCC_DYNAMIC_NO_PIC = NO;
				GCC_NO_COMMON_BLOCKS = YES;
				GCC_OPTIMIZATION_LEVEL = 0;
				GCC_PREPROCESSOR_DEFINITIONS = (
					"DEBUG=1",
					"$(inherited)",
				);
				GCC_WARN_64_TO_32_BIT_CONVERSION = YES;
				GCC_WARN_ABOUT_RETURN_TYPE = YES_ERROR;
				GCC_WARN_UNDECLARED_SELECTOR = YES;
				GCC_WARN_UNINITIALIZED_AUTOS = YES_AGGRESSIVE;
				GCC_WARN_UNUSED_FUNCTION = YES;
				GCC_WARN_UNUSED_VARIABLE = YES;
				IPHONEOS_DEPLOYMENT_TARGET = 9.0;
				MTL_ENABLE_DEBUG_INFO = YES;
				ONLY_ACTIVE_ARCH = YES;
				SDKROOT = iphoneos;
				SWIFT_ACTIVE_COMPILATION_CONDITIONS = DEBUG;
				SWIFT_OPTIMIZATION_LEVEL = "-Onone";
				TARGETED_DEVICE_FAMILY = "1,2";
			};
			name = Debug;
		};
		E5B7252B1DB37B2A003A16D2 /* Release */ = {
			isa = XCBuildConfiguration;
			buildSettings = {
				ALWAYS_SEARCH_USER_PATHS = NO;
				CLANG_ANALYZER_NONNULL = YES;
				CLANG_CXX_LANGUAGE_STANDARD = "gnu++0x";
				CLANG_CXX_LIBRARY = "libc++";
				CLANG_ENABLE_MODULES = YES;
				CLANG_ENABLE_OBJC_ARC = YES;
				CLANG_WARN_BOOL_CONVERSION = YES;
				CLANG_WARN_CONSTANT_CONVERSION = YES;
				CLANG_WARN_DIRECT_OBJC_ISA_USAGE = YES_ERROR;
				CLANG_WARN_DOCUMENTATION_COMMENTS = YES;
				CLANG_WARN_EMPTY_BODY = YES;
				CLANG_WARN_ENUM_CONVERSION = YES;
				CLANG_WARN_INFINITE_RECURSION = YES;
				CLANG_WARN_INT_CONVERSION = YES;
				CLANG_WARN_OBJC_ROOT_CLASS = YES_ERROR;
				CLANG_WARN_SUSPICIOUS_MOVE = YES;
				CLANG_WARN_SUSPICIOUS_MOVES = YES;
				CLANG_WARN_UNREACHABLE_CODE = YES;
				CLANG_WARN__DUPLICATE_METHOD_MATCH = YES;
				"CODE_SIGN_IDENTITY[sdk=iphoneos*]" = "iPhone Developer";
				COPY_PHASE_STRIP = NO;
				DEBUG_INFORMATION_FORMAT = "dwarf-with-dsym";
				ENABLE_NS_ASSERTIONS = NO;
				ENABLE_STRICT_OBJC_MSGSEND = YES;
				GCC_C_LANGUAGE_STANDARD = gnu99;
				GCC_NO_COMMON_BLOCKS = YES;
				GCC_WARN_64_TO_32_BIT_CONVERSION = YES;
				GCC_WARN_ABOUT_RETURN_TYPE = YES_ERROR;
				GCC_WARN_UNDECLARED_SELECTOR = YES;
				GCC_WARN_UNINITIALIZED_AUTOS = YES_AGGRESSIVE;
				GCC_WARN_UNUSED_FUNCTION = YES;
				GCC_WARN_UNUSED_VARIABLE = YES;
				IPHONEOS_DEPLOYMENT_TARGET = 9.0;
				MTL_ENABLE_DEBUG_INFO = NO;
				SDKROOT = iphoneos;
				SWIFT_OPTIMIZATION_LEVEL = "-Owholemodule";
				TARGETED_DEVICE_FAMILY = "1,2";
				VALIDATE_PRODUCT = YES;
			};
			name = Release;
		};
		E5B7252D1DB37B2A003A16D2 /* Debug */ = {
			isa = XCBuildConfiguration;
			baseConfigurationReference = FAB7A43D2D366BF9CED6DAB9 /* Pods-Flickr Search Test.debug.xcconfig */;
			buildSettings = {
				ASSETCATALOG_COMPILER_APPICON_NAME = AppIcon;
				DEVELOPMENT_TEAM = 96837XF4KD;
				INFOPLIST_FILE = "Flickr Search Test/Info.plist";
				IPHONEOS_DEPLOYMENT_TARGET = 9.0;
				LD_RUNPATH_SEARCH_PATHS = "$(inherited) @executable_path/Frameworks";
				PRODUCT_BUNDLE_IDENTIFIER = "com.codeveyor.Flickr-Search-Test";
				PRODUCT_NAME = "$(TARGET_NAME)";
				SWIFT_VERSION = 3.0;
			};
			name = Debug;
		};
		E5B7252E1DB37B2A003A16D2 /* Release */ = {
			isa = XCBuildConfiguration;
			baseConfigurationReference = 9D8B487964C68918DC465EAB /* Pods-Flickr Search Test.release.xcconfig */;
			buildSettings = {
				ASSETCATALOG_COMPILER_APPICON_NAME = AppIcon;
				DEVELOPMENT_TEAM = 96837XF4KD;
				INFOPLIST_FILE = "Flickr Search Test/Info.plist";
				IPHONEOS_DEPLOYMENT_TARGET = 9.0;
				LD_RUNPATH_SEARCH_PATHS = "$(inherited) @executable_path/Frameworks";
				PRODUCT_BUNDLE_IDENTIFIER = "com.codeveyor.Flickr-Search-Test";
				PRODUCT_NAME = "$(TARGET_NAME)";
				SWIFT_VERSION = 3.0;
			};
			name = Release;
		};
		E5B725301DB37B2A003A16D2 /* Debug */ = {
			isa = XCBuildConfiguration;
			baseConfigurationReference = 075BD4C1B75289BEF5DB1F52 /* Pods-Flickr Search TestTests.debug.xcconfig */;
			buildSettings = {
				ALWAYS_EMBED_SWIFT_STANDARD_LIBRARIES = YES;
				BUNDLE_LOADER = "$(TEST_HOST)";
				DEVELOPMENT_TEAM = 96837XF4KD;
				INFOPLIST_FILE = "Flickr Search TestTests/Info.plist";
				LD_RUNPATH_SEARCH_PATHS = "$(inherited) @executable_path/Frameworks @loader_path/Frameworks";
				PRODUCT_BUNDLE_IDENTIFIER = "com.codeveyor.Flickr-Search-TestTests";
				PRODUCT_NAME = "$(TARGET_NAME)";
				SWIFT_VERSION = 3.0;
				TEST_HOST = "$(BUILT_PRODUCTS_DIR)/Flickr Search Test.app/Flickr Search Test";
			};
			name = Debug;
		};
		E5B725311DB37B2A003A16D2 /* Release */ = {
			isa = XCBuildConfiguration;
			baseConfigurationReference = 890DDB464F0DDE6BAB08EE3A /* Pods-Flickr Search TestTests.release.xcconfig */;
			buildSettings = {
				ALWAYS_EMBED_SWIFT_STANDARD_LIBRARIES = YES;
				BUNDLE_LOADER = "$(TEST_HOST)";
				DEVELOPMENT_TEAM = 96837XF4KD;
				INFOPLIST_FILE = "Flickr Search TestTests/Info.plist";
				LD_RUNPATH_SEARCH_PATHS = "$(inherited) @executable_path/Frameworks @loader_path/Frameworks";
				PRODUCT_BUNDLE_IDENTIFIER = "com.codeveyor.Flickr-Search-TestTests";
				PRODUCT_NAME = "$(TARGET_NAME)";
				SWIFT_VERSION = 3.0;
				TEST_HOST = "$(BUILT_PRODUCTS_DIR)/Flickr Search Test.app/Flickr Search Test";
			};
			name = Release;
		};
		E5B725331DB37B2A003A16D2 /* Debug */ = {
			isa = XCBuildConfiguration;
			baseConfigurationReference = 457307EB968DADA63C243393 /* Pods-Flickr Search TestUITests.debug.xcconfig */;
			buildSettings = {
				ALWAYS_EMBED_SWIFT_STANDARD_LIBRARIES = YES;
				DEVELOPMENT_TEAM = 96837XF4KD;
				INFOPLIST_FILE = "Flickr Search TestUITests/Info.plist";
				LD_RUNPATH_SEARCH_PATHS = "$(inherited) @executable_path/Frameworks @loader_path/Frameworks";
				PRODUCT_BUNDLE_IDENTIFIER = "com.codeveyor.Flickr-Search-TestUITests";
				PRODUCT_NAME = "$(TARGET_NAME)";
				SWIFT_VERSION = 3.0;
				TEST_TARGET_NAME = "Flickr Search Test";
			};
			name = Debug;
		};
		E5B725341DB37B2A003A16D2 /* Release */ = {
			isa = XCBuildConfiguration;
			baseConfigurationReference = 1C7D78541353544F502646CB /* Pods-Flickr Search TestUITests.release.xcconfig */;
			buildSettings = {
				ALWAYS_EMBED_SWIFT_STANDARD_LIBRARIES = YES;
				DEVELOPMENT_TEAM = 96837XF4KD;
				INFOPLIST_FILE = "Flickr Search TestUITests/Info.plist";
				LD_RUNPATH_SEARCH_PATHS = "$(inherited) @executable_path/Frameworks @loader_path/Frameworks";
				PRODUCT_BUNDLE_IDENTIFIER = "com.codeveyor.Flickr-Search-TestUITests";
				PRODUCT_NAME = "$(TARGET_NAME)";
				SWIFT_VERSION = 3.0;
				TEST_TARGET_NAME = "Flickr Search Test";
			};
			name = Release;
		};
/* End XCBuildConfiguration section */

/* Begin XCConfigurationList section */
		E5B724FC1DB37B2A003A16D2 /* Build configuration list for PBXProject "Flickr Search Test" */ = {
			isa = XCConfigurationList;
			buildConfigurations = (
				E5B7252A1DB37B2A003A16D2 /* Debug */,
				E5B7252B1DB37B2A003A16D2 /* Release */,
			);
			defaultConfigurationIsVisible = 0;
			defaultConfigurationName = Release;
		};
		E5B7252C1DB37B2A003A16D2 /* Build configuration list for PBXNativeTarget "Flickr Search Test" */ = {
			isa = XCConfigurationList;
			buildConfigurations = (
				E5B7252D1DB37B2A003A16D2 /* Debug */,
				E5B7252E1DB37B2A003A16D2 /* Release */,
			);
			defaultConfigurationIsVisible = 0;
			defaultConfigurationName = Release;
		};
		E5B7252F1DB37B2A003A16D2 /* Build configuration list for PBXNativeTarget "Flickr Search TestTests" */ = {
			isa = XCConfigurationList;
			buildConfigurations = (
				E5B725301DB37B2A003A16D2 /* Debug */,
				E5B725311DB37B2A003A16D2 /* Release */,
			);
			defaultConfigurationIsVisible = 0;
			defaultConfigurationName = Release;
		};
		E5B725321DB37B2A003A16D2 /* Build configuration list for PBXNativeTarget "Flickr Search TestUITests" */ = {
			isa = XCConfigurationList;
			buildConfigurations = (
				E5B725331DB37B2A003A16D2 /* Debug */,
				E5B725341DB37B2A003A16D2 /* Release */,
			);
			defaultConfigurationIsVisible = 0;
			defaultConfigurationName = Release;
		};
/* End XCConfigurationList section */

/* Begin XCVersionGroup section */
		E5B7250B1DB37B2A003A16D2 /* Flickr_Search_Test.xcdatamodeld */ = {
			isa = XCVersionGroup;
			children = (
				E5B7250C1DB37B2A003A16D2 /* Flickr_Search_Test.xcdatamodel */,
			);
			currentVersion = E5B7250C1DB37B2A003A16D2 /* Flickr_Search_Test.xcdatamodel */;
			path = Flickr_Search_Test.xcdatamodeld;
			sourceTree = "<group>";
			versionGroupType = wrapper.xcdatamodel;
		};
/* End XCVersionGroup section */
	};
	rootObject = E5B724F91DB37B2A003A16D2 /* Project object */;
}
